
Microsoft Visual Studio Solution File, Format Version 12.00
# Visual Studio Version 16
VisualStudioVersion = 16.0.31729.503
MinimumVisualStudioVersion = 10.0.40219.1
Project("{FAE04EC0-301F-11D3-BF4B-00C04F79EFBC}") = "ASP_MVC_MoviesGeorgia", "ASP_MVC_MoviesGeorgia\ASP_MVC_MoviesGeorgia.csproj", "{30F807E2-8736-4060-BB5A-0E7679FE12DF}"
EndProject
Global
	GlobalSection(SolutionConfigurationPlatforms) = preSolution
		Debug|Any CPU = Debug|Any CPU
		Release|Any CPU = Release|Any CPU
	EndGlobalSection
	GlobalSection(ProjectConfigurationPlatforms) = postSolution
		{30F807E2-8736-4060-BB5A-0E7679FE12DF}.Debug|Any CPU.ActiveCfg = Debug|Any CPU
		{30F807E2-8736-4060-BB5A-0E7679FE12DF}.Debug|Any CPU.Build.0 = Debug|Any CPU
		{30F807E2-8736-4060-BB5A-0E7679FE12DF}.Release|Any CPU.ActiveCfg = Release|Any CPU
		{30F807E2-8736-4060-BB5A-0E7679FE12DF}.Release|Any CPU.Build.0 = Release|Any CPU
	EndGlobalSection
	GlobalSection(SolutionProperties) = preSolution
		HideSolutionNode = FALSE
	EndGlobalSection
	GlobalSection(ExtensibilityGlobals) = postSolution
		SolutionGuid = {4A06554B-8B82-4146-8904-AD2D1B58CD02}
	EndGlobalSection
EndGlobal
